
Microsoft Visual Studio Solution File, Format Version 11.00
# Visual Studio 2010
Project("{FAE04EC0-301F-11D3-BF4B-00C04F79EFBC}") = "Assembly-CSharp", "Assembly-CSharp.csproj", "{769DEAFF-6B17-8D77-A130-FE47AC35ED14}"
EndProject
Global
	GlobalSection(SolutionConfigurationPlatforms) = preSolution
		Debug|Any CPU = Debug|Any CPU
		Release|Any CPU = Release|Any CPU
	EndGlobalSection
	GlobalSection(ProjectConfigurationPlatforms) = postSolution
		{769DEAFF-6B17-8D77-A130-FE47AC35ED14}.Debug|Any CPU.ActiveCfg = Debug|Any CPU
		{769DEAFF-6B17-8D77-A130-FE47AC35ED14}.Debug|Any CPU.Build.0 = Debug|Any CPU
		{769DEAFF-6B17-8D77-A130-FE47AC35ED14}.Release|Any CPU.ActiveCfg = Release|Any CPU
		{769DEAFF-6B17-8D77-A130-FE47AC35ED14}.Release|Any CPU.Build.0 = Release|Any CPU
	EndGlobalSection
	GlobalSection(SolutionProperties) = preSolution
		HideSolutionNode = FALSE
	EndGlobalSection
EndGlobal
